{
  "name": "wappler-lucide-icons",
  "version": "2.0.2",
  "lockfileVersion": 3,
  "requires": true,
  "packages": {
    "": {
      "name": "wappler-lucide-icons",
      "version": "2.0.2",
      "license": "MIT",
      "devDependencies": {
        "hjson": "3.2.2"
      }
    },
    "node_modules/hjson": {
      "version": "3.2.2",
      "resolved": "https://registry.npmjs.org/hjson/-/hjson-3.2.2.tgz",
      "integrity": "sha512-MkUeB0cTIlppeSsndgESkfFD21T2nXPRaBStLtf3cAYA2bVEFdXlodZB0TukwZiobPD1Ksax5DK4RTZeaXCI3Q==",
      "dev": true,
      "license": "MIT",
      "bin": {
        "hjson": "bin/hjson"
      }
    }
  }
}
